// !$*UTF8*$!
{
	archiveVersion = 1;
	classes = {
	};
	objectVersion = 55;
	objects = {

/* Begin PBXBuildFile section */
		2B56EE1C2682052400049E66 /* SwiftClientTesterApp.swift in Sources */ = {isa = PBXBuildFile; fileRef = 2B56EE1B2682052400049E66 /* SwiftClientTesterApp.swift */; };
		2B56EE1E2682052400049E66 /* ContentView.swift in Sources */ = {isa = PBXBuildFile; fileRef = 2B56EE1D2682052400049E66 /* ContentView.swift */; };
		2B56EE202682052500049E66 /* Assets.xcassets in Resources */ = {isa = PBXBuildFile; fileRef = 2B56EE1F2682052500049E66 /* Assets.xcassets */; };
		2B56EE232682052500049E66 /* Preview Assets.xcassets in Resources */ = {isa = PBXBuildFile; fileRef = 2B56EE222682052500049E66 /* Preview Assets.xcassets */; };
		2B56EE2E26838F1900049E66 /* Info.plist in Resources */ = {isa = PBXBuildFile; fileRef = 2B56EE2D26838F1900049E66 /* Info.plist */; };
		2B56EE31268480FE00049E66 /* NetworkExtension.framework in Frameworks */ = {isa = PBXBuildFile; fileRef = 2B56EE30268480FE00049E66 /* NetworkExtension.framework */; };
		2B77C9BE2721619E00D635C2 /* TelemetryClient in Frameworks */ = {isa = PBXBuildFile; productRef = 2B77C9BD2721619E00D635C2 /* TelemetryClient */; };
		2B77C9CA27216FCE00D635C2 /* Assets.xcassets in Resources */ = {isa = PBXBuildFile; fileRef = 2B77C9C927216FCE00D635C2 /* Assets.xcassets */; };
		2B77C9CD27216FCE00D635C2 /* Preview Assets.xcassets in Resources */ = {isa = PBXBuildFile; fileRef = 2B77C9CC27216FCE00D635C2 /* Preview Assets.xcassets */; };
		2B77C9D227216FE300D635C2 /* TelemetryClient in Frameworks */ = {isa = PBXBuildFile; productRef = 2B77C9D127216FE300D635C2 /* TelemetryClient */; };
		2B77C9D327216FFA00D635C2 /* ContentView.swift in Sources */ = {isa = PBXBuildFile; fileRef = 2B56EE1D2682052400049E66 /* ContentView.swift */; };
		2B77C9D42721701000D635C2 /* SwiftClientTesterApp.swift in Sources */ = {isa = PBXBuildFile; fileRef = 2B56EE1B2682052400049E66 /* SwiftClientTesterApp.swift */; };
		2B77C9DB272170EB00D635C2 /* WatchSwiftClientTester WatchKit App.app in Embed Watch Content */ = {isa = PBXBuildFile; fileRef = 2B77C9DA272170EB00D635C2 /* WatchSwiftClientTester WatchKit App.app */; settings = {ATTRIBUTES = (RemoveHeadersOnCopy, ); }; };
		2B77C9E0272170EC00D635C2 /* Assets.xcassets in Resources */ = {isa = PBXBuildFile; fileRef = 2B77C9DF272170EC00D635C2 /* Assets.xcassets */; };
		2B77C9E6272170EC00D635C2 /* WatchSwiftClientTester WatchKit Extension.appex in Embed App Extensions */ = {isa = PBXBuildFile; fileRef = 2B77C9E5272170EC00D635C2 /* WatchSwiftClientTester WatchKit Extension.appex */; settings = {ATTRIBUTES = (RemoveHeadersOnCopy, ); }; };
		2B77C9EB272170EC00D635C2 /* SwiftClientTesterApp.swift in Sources */ = {isa = PBXBuildFile; fileRef = 2B77C9EA272170EC00D635C2 /* SwiftClientTesterApp.swift */; };
		2B77C9EF272170EC00D635C2 /* NotificationController.swift in Sources */ = {isa = PBXBuildFile; fileRef = 2B77C9EE272170EC00D635C2 /* NotificationController.swift */; };
		2B77C9F1272170EC00D635C2 /* NotificationView.swift in Sources */ = {isa = PBXBuildFile; fileRef = 2B77C9F0272170EC00D635C2 /* NotificationView.swift */; };
		2B77C9F3272170EC00D635C2 /* ComplicationController.swift in Sources */ = {isa = PBXBuildFile; fileRef = 2B77C9F2272170EC00D635C2 /* ComplicationController.swift */; };
		2B77C9F5272170ED00D635C2 /* Assets.xcassets in Resources */ = {isa = PBXBuildFile; fileRef = 2B77C9F4272170ED00D635C2 /* Assets.xcassets */; };
		2B77C9F8272170ED00D635C2 /* Preview Assets.xcassets in Resources */ = {isa = PBXBuildFile; fileRef = 2B77C9F7272170ED00D635C2 /* Preview Assets.xcassets */; };
		2B77CA062721710800D635C2 /* ContentView.swift in Sources */ = {isa = PBXBuildFile; fileRef = 2B56EE1D2682052400049E66 /* ContentView.swift */; };
		2B77CA082721711600D635C2 /* TelemetryClient in Frameworks */ = {isa = PBXBuildFile; productRef = 2B77CA072721711600D635C2 /* TelemetryClient */; };
/* End PBXBuildFile section */

/* Begin PBXContainerItemProxy section */
		2B77C9DC272170EB00D635C2 /* PBXContainerItemProxy */ = {
			isa = PBXContainerItemProxy;
			containerPortal = 2B56EE102682052400049E66 /* Project object */;
			proxyType = 1;
			remoteGlobalIDString = 2B77C9D9272170EB00D635C2;
			remoteInfo = "WatchSwiftClientTester WatchKit App";
		};
		2B77C9E7272170EC00D635C2 /* PBXContainerItemProxy */ = {
			isa = PBXContainerItemProxy;
			containerPortal = 2B56EE102682052400049E66 /* Project object */;
			proxyType = 1;
			remoteGlobalIDString = 2B77C9E4272170EC00D635C2;
			remoteInfo = "WatchSwiftClientTester WatchKit Extension";
		};
/* End PBXContainerItemProxy section */

/* Begin PBXCopyFilesBuildPhase section */
		2B77C9FE272170ED00D635C2 /* Embed App Extensions */ = {
			isa = PBXCopyFilesBuildPhase;
			buildActionMask = 2147483647;
			dstPath = "";
			dstSubfolderSpec = 13;
			files = (
				2B77C9E6272170EC00D635C2 /* WatchSwiftClientTester WatchKit Extension.appex in Embed App Extensions */,
			);
			name = "Embed App Extensions";
			runOnlyForDeploymentPostprocessing = 0;
		};
		2B77CA02272170ED00D635C2 /* Embed Watch Content */ = {
			isa = PBXCopyFilesBuildPhase;
			buildActionMask = 2147483647;
			dstPath = "$(CONTENTS_FOLDER_PATH)/Watch";
			dstSubfolderSpec = 16;
			files = (
				2B77C9DB272170EB00D635C2 /* WatchSwiftClientTester WatchKit App.app in Embed Watch Content */,
			);
			name = "Embed Watch Content";
			runOnlyForDeploymentPostprocessing = 0;
		};
/* End PBXCopyFilesBuildPhase section */

/* Begin PBXFileReference section */
		2B56EE182682052400049E66 /* SwiftClientTester.app */ = {isa = PBXFileReference; explicitFileType = wrapper.application; includeInIndex = 0; path = SwiftClientTester.app; sourceTree = BUILT_PRODUCTS_DIR; };
		2B56EE1B2682052400049E66 /* SwiftClientTesterApp.swift */ = {isa = PBXFileReference; lastKnownFileType = sourcecode.swift; path = SwiftClientTesterApp.swift; sourceTree = "<group>"; };
		2B56EE1D2682052400049E66 /* ContentView.swift */ = {isa = PBXFileReference; lastKnownFileType = sourcecode.swift; path = ContentView.swift; sourceTree = "<group>"; };
		2B56EE1F2682052500049E66 /* Assets.xcassets */ = {isa = PBXFileReference; lastKnownFileType = folder.assetcatalog; path = Assets.xcassets; sourceTree = "<group>"; };
		2B56EE222682052500049E66 /* Preview Assets.xcassets */ = {isa = PBXFileReference; lastKnownFileType = folder.assetcatalog; path = "Preview Assets.xcassets"; sourceTree = "<group>"; };
		2B56EE2C268206E700049E66 /* SwiftClientTester.entitlements */ = {isa = PBXFileReference; lastKnownFileType = text.plist.entitlements; path = SwiftClientTester.entitlements; sourceTree = "<group>"; };
		2B56EE2D26838F1900049E66 /* Info.plist */ = {isa = PBXFileReference; lastKnownFileType = text.plist.xml; path = Info.plist; sourceTree = "<group>"; };
		2B56EE30268480FE00049E66 /* NetworkExtension.framework */ = {isa = PBXFileReference; lastKnownFileType = wrapper.framework; name = NetworkExtension.framework; path = System/Library/Frameworks/NetworkExtension.framework; sourceTree = SDKROOT; };
		2B77C9BC272160FD00D635C2 /* SwiftClient */ = {isa = PBXFileReference; lastKnownFileType = folder; path = SwiftClient; sourceTree = "<group>"; };
		2B77C9C327216FCD00D635C2 /* iOSSwiftClientTester.app */ = {isa = PBXFileReference; explicitFileType = wrapper.application; includeInIndex = 0; path = iOSSwiftClientTester.app; sourceTree = BUILT_PRODUCTS_DIR; };
		2B77C9C927216FCE00D635C2 /* Assets.xcassets */ = {isa = PBXFileReference; lastKnownFileType = folder.assetcatalog; path = Assets.xcassets; sourceTree = "<group>"; };
		2B77C9CC27216FCE00D635C2 /* Preview Assets.xcassets */ = {isa = PBXFileReference; lastKnownFileType = folder.assetcatalog; path = "Preview Assets.xcassets"; sourceTree = "<group>"; };
		2B77C9D7272170EB00D635C2 /* WatchSwiftClientTester.app */ = {isa = PBXFileReference; explicitFileType = wrapper.application; includeInIndex = 0; path = WatchSwiftClientTester.app; sourceTree = BUILT_PRODUCTS_DIR; };
		2B77C9DA272170EB00D635C2 /* WatchSwiftClientTester WatchKit App.app */ = {isa = PBXFileReference; explicitFileType = wrapper.application; includeInIndex = 0; path = "WatchSwiftClientTester WatchKit App.app"; sourceTree = BUILT_PRODUCTS_DIR; };
		2B77C9DF272170EC00D635C2 /* Assets.xcassets */ = {isa = PBXFileReference; lastKnownFileType = folder.assetcatalog; path = Assets.xcassets; sourceTree = "<group>"; };
		2B77C9E5272170EC00D635C2 /* WatchSwiftClientTester WatchKit Extension.appex */ = {isa = PBXFileReference; explicitFileType = "wrapper.app-extension"; includeInIndex = 0; path = "WatchSwiftClientTester WatchKit Extension.appex"; sourceTree = BUILT_PRODUCTS_DIR; };
		2B77C9EA272170EC00D635C2 /* SwiftClientTesterApp.swift */ = {isa = PBXFileReference; lastKnownFileType = sourcecode.swift; path = SwiftClientTesterApp.swift; sourceTree = "<group>"; };
		2B77C9EE272170EC00D635C2 /* NotificationController.swift */ = {isa = PBXFileReference; lastKnownFileType = sourcecode.swift; path = NotificationController.swift; sourceTree = "<group>"; };
		2B77C9F0272170EC00D635C2 /* NotificationView.swift */ = {isa = PBXFileReference; lastKnownFileType = sourcecode.swift; path = NotificationView.swift; sourceTree = "<group>"; };
		2B77C9F2272170EC00D635C2 /* ComplicationController.swift */ = {isa = PBXFileReference; lastKnownFileType = sourcecode.swift; path = ComplicationController.swift; sourceTree = "<group>"; };
		2B77C9F4272170ED00D635C2 /* Assets.xcassets */ = {isa = PBXFileReference; lastKnownFileType = folder.assetcatalog; path = Assets.xcassets; sourceTree = "<group>"; };
		2B77C9F7272170ED00D635C2 /* Preview Assets.xcassets */ = {isa = PBXFileReference; lastKnownFileType = folder.assetcatalog; path = "Preview Assets.xcassets"; sourceTree = "<group>"; };
		2B77C9F9272170ED00D635C2 /* Info.plist */ = {isa = PBXFileReference; lastKnownFileType = text.plist.xml; path = Info.plist; sourceTree = "<group>"; };
		2B77C9FA272170ED00D635C2 /* PushNotificationPayload.apns */ = {isa = PBXFileReference; lastKnownFileType = text; path = PushNotificationPayload.apns; sourceTree = "<group>"; };
/* End PBXFileReference section */

/* Begin PBXFrameworksBuildPhase section */
		2B56EE152682052400049E66 /* Frameworks */ = {
			isa = PBXFrameworksBuildPhase;
			buildActionMask = 2147483647;
			files = (
				2B56EE31268480FE00049E66 /* NetworkExtension.framework in Frameworks */,
				2B77C9BE2721619E00D635C2 /* TelemetryClient in Frameworks */,
			);
			runOnlyForDeploymentPostprocessing = 0;
		};
		2B77C9C027216FCD00D635C2 /* Frameworks */ = {
			isa = PBXFrameworksBuildPhase;
			buildActionMask = 2147483647;
			files = (
				2B77C9D227216FE300D635C2 /* TelemetryClient in Frameworks */,
			);
			runOnlyForDeploymentPostprocessing = 0;
		};
		2B77C9E2272170EC00D635C2 /* Frameworks */ = {
			isa = PBXFrameworksBuildPhase;
			buildActionMask = 2147483647;
			files = (
				2B77CA082721711600D635C2 /* TelemetryClient in Frameworks */,
			);
			runOnlyForDeploymentPostprocessing = 0;
		};
/* End PBXFrameworksBuildPhase section */

/* Begin PBXGroup section */
		2B56EE0F2682052400049E66 = {
			isa = PBXGroup;
			children = (
				2B77C9BC272160FD00D635C2 /* SwiftClient */,
				2B56EE2D26838F1900049E66 /* Info.plist */,
				2B56EE1A2682052400049E66 /* SwiftClientTester */,
				2B77C9C427216FCD00D635C2 /* iOSSwiftClientTester */,
				2B77C9DE272170EB00D635C2 /* WatchSwiftClientTester WatchKit App */,
				2B77C9E9272170EC00D635C2 /* WatchSwiftClientTester WatchKit Extension */,
				2B56EE192682052400049E66 /* Products */,
				2B56EE2F268480FE00049E66 /* Frameworks */,
			);
			sourceTree = "<group>";
		};
		2B56EE192682052400049E66 /* Products */ = {
			isa = PBXGroup;
			children = (
				2B56EE182682052400049E66 /* SwiftClientTester.app */,
				2B77C9C327216FCD00D635C2 /* iOSSwiftClientTester.app */,
				2B77C9D7272170EB00D635C2 /* WatchSwiftClientTester.app */,
				2B77C9DA272170EB00D635C2 /* WatchSwiftClientTester WatchKit App.app */,
				2B77C9E5272170EC00D635C2 /* WatchSwiftClientTester WatchKit Extension.appex */,
			);
			name = Products;
			sourceTree = "<group>";
		};
		2B56EE1A2682052400049E66 /* SwiftClientTester */ = {
			isa = PBXGroup;
			children = (
				2B56EE2C268206E700049E66 /* SwiftClientTester.entitlements */,
				2B56EE1B2682052400049E66 /* SwiftClientTesterApp.swift */,
				2B56EE1D2682052400049E66 /* ContentView.swift */,
				2B56EE1F2682052500049E66 /* Assets.xcassets */,
				2B56EE212682052500049E66 /* Preview Content */,
			);
			path = SwiftClientTester;
			sourceTree = "<group>";
		};
		2B56EE212682052500049E66 /* Preview Content */ = {
			isa = PBXGroup;
			children = (
				2B56EE222682052500049E66 /* Preview Assets.xcassets */,
			);
			path = "Preview Content";
			sourceTree = "<group>";
		};
		2B56EE2F268480FE00049E66 /* Frameworks */ = {
			isa = PBXGroup;
			children = (
				2B56EE30268480FE00049E66 /* NetworkExtension.framework */,
			);
			name = Frameworks;
			sourceTree = "<group>";
		};
		2B77C9C427216FCD00D635C2 /* iOSSwiftClientTester */ = {
			isa = PBXGroup;
			children = (
				2B77C9C927216FCE00D635C2 /* Assets.xcassets */,
				2B77C9CB27216FCE00D635C2 /* Preview Content */,
			);
			path = iOSSwiftClientTester;
			sourceTree = "<group>";
		};
		2B77C9CB27216FCE00D635C2 /* Preview Content */ = {
			isa = PBXGroup;
			children = (
				2B77C9CC27216FCE00D635C2 /* Preview Assets.xcassets */,
			);
			path = "Preview Content";
			sourceTree = "<group>";
		};
		2B77C9DE272170EB00D635C2 /* WatchSwiftClientTester WatchKit App */ = {
			isa = PBXGroup;
			children = (
				2B77C9DF272170EC00D635C2 /* Assets.xcassets */,
			);
			path = "WatchSwiftClientTester WatchKit App";
			sourceTree = "<group>";
		};
		2B77C9E9272170EC00D635C2 /* WatchSwiftClientTester WatchKit Extension */ = {
			isa = PBXGroup;
			children = (
				2B77C9EA272170EC00D635C2 /* SwiftClientTesterApp.swift */,
				2B77C9EE272170EC00D635C2 /* NotificationController.swift */,
				2B77C9F0272170EC00D635C2 /* NotificationView.swift */,
				2B77C9F2272170EC00D635C2 /* ComplicationController.swift */,
				2B77C9F4272170ED00D635C2 /* Assets.xcassets */,
				2B77C9F9272170ED00D635C2 /* Info.plist */,
				2B77C9FA272170ED00D635C2 /* PushNotificationPayload.apns */,
				2B77C9F6272170ED00D635C2 /* Preview Content */,
			);
			path = "WatchSwiftClientTester WatchKit Extension";
			sourceTree = "<group>";
		};
		2B77C9F6272170ED00D635C2 /* Preview Content */ = {
			isa = PBXGroup;
			children = (
				2B77C9F7272170ED00D635C2 /* Preview Assets.xcassets */,
			);
			path = "Preview Content";
			sourceTree = "<group>";
		};
/* End PBXGroup section */

/* Begin PBXNativeTarget section */
		2B56EE172682052400049E66 /* SwiftClientTester */ = {
			isa = PBXNativeTarget;
			buildConfigurationList = 2B56EE262682052500049E66 /* Build configuration list for PBXNativeTarget "SwiftClientTester" */;
			buildPhases = (
				2B56EE142682052400049E66 /* Sources */,
				2B56EE152682052400049E66 /* Frameworks */,
				2B56EE162682052400049E66 /* Resources */,
			);
			buildRules = (
			);
			dependencies = (
			);
			name = SwiftClientTester;
			packageProductDependencies = (
				2B77C9BD2721619E00D635C2 /* TelemetryClient */,
			);
			productName = SwiftClientTester;
			productReference = 2B56EE182682052400049E66 /* SwiftClientTester.app */;
			productType = "com.apple.product-type.application";
		};
		2B77C9C227216FCD00D635C2 /* iOSSwiftClientTester */ = {
			isa = PBXNativeTarget;
			buildConfigurationList = 2B77C9CE27216FCE00D635C2 /* Build configuration list for PBXNativeTarget "iOSSwiftClientTester" */;
			buildPhases = (
				2B77C9BF27216FCD00D635C2 /* Sources */,
				2B77C9C027216FCD00D635C2 /* Frameworks */,
				2B77C9C127216FCD00D635C2 /* Resources */,
			);
			buildRules = (
			);
			dependencies = (
			);
			name = iOSSwiftClientTester;
			packageProductDependencies = (
				2B77C9D127216FE300D635C2 /* TelemetryClient */,
			);
			productName = iOSSwiftClientTester;
			productReference = 2B77C9C327216FCD00D635C2 /* iOSSwiftClientTester.app */;
			productType = "com.apple.product-type.application";
		};
		2B77C9D6272170EB00D635C2 /* WatchSwiftClientTester */ = {
			isa = PBXNativeTarget;
			buildConfigurationList = 2B77CA03272170ED00D635C2 /* Build configuration list for PBXNativeTarget "WatchSwiftClientTester" */;
			buildPhases = (
				2B77C9D5272170EB00D635C2 /* Resources */,
				2B77CA02272170ED00D635C2 /* Embed Watch Content */,
			);
			buildRules = (
			);
			dependencies = (
				2B77C9DD272170EB00D635C2 /* PBXTargetDependency */,
			);
			name = WatchSwiftClientTester;
			productName = WatchSwiftClientTester;
			productReference = 2B77C9D7272170EB00D635C2 /* WatchSwiftClientTester.app */;
			productType = "com.apple.product-type.application.watchapp2-container";
		};
		2B77C9D9272170EB00D635C2 /* WatchSwiftClientTester WatchKit App */ = {
			isa = PBXNativeTarget;
			buildConfigurationList = 2B77C9FF272170ED00D635C2 /* Build configuration list for PBXNativeTarget "WatchSwiftClientTester WatchKit App" */;
			buildPhases = (
				2B77C9D8272170EB00D635C2 /* Resources */,
				2B77C9FE272170ED00D635C2 /* Embed App Extensions */,
			);
			buildRules = (
			);
			dependencies = (
				2B77C9E8272170EC00D635C2 /* PBXTargetDependency */,
			);
			name = "WatchSwiftClientTester WatchKit App";
			productName = "WatchSwiftClientTester WatchKit App";
			productReference = 2B77C9DA272170EB00D635C2 /* WatchSwiftClientTester WatchKit App.app */;
			productType = "com.apple.product-type.application.watchapp2";
		};
		2B77C9E4272170EC00D635C2 /* WatchSwiftClientTester WatchKit Extension */ = {
			isa = PBXNativeTarget;
			buildConfigurationList = 2B77C9FB272170ED00D635C2 /* Build configuration list for PBXNativeTarget "WatchSwiftClientTester WatchKit Extension" */;
			buildPhases = (
				2B77C9E1272170EC00D635C2 /* Sources */,
				2B77C9E2272170EC00D635C2 /* Frameworks */,
				2B77C9E3272170EC00D635C2 /* Resources */,
			);
			buildRules = (
			);
			dependencies = (
			);
			name = "WatchSwiftClientTester WatchKit Extension";
			packageProductDependencies = (
				2B77CA072721711600D635C2 /* TelemetryClient */,
			);
			productName = "WatchSwiftClientTester WatchKit Extension";
			productReference = 2B77C9E5272170EC00D635C2 /* WatchSwiftClientTester WatchKit Extension.appex */;
			productType = "com.apple.product-type.watchkit2-extension";
		};
/* End PBXNativeTarget section */

/* Begin PBXProject section */
		2B56EE102682052400049E66 /* Project object */ = {
			isa = PBXProject;
			attributes = {
				BuildIndependentTargetsInParallel = 1;
				LastSwiftUpdateCheck = 1310;
				LastUpgradeCheck = 1300;
				TargetAttributes = {
					2B56EE172682052400049E66 = {
						CreatedOnToolsVersion = 13.0;
					};
					2B77C9C227216FCD00D635C2 = {
						CreatedOnToolsVersion = 13.1;
					};
					2B77C9D6272170EB00D635C2 = {
						CreatedOnToolsVersion = 13.1;
					};
					2B77C9D9272170EB00D635C2 = {
						CreatedOnToolsVersion = 13.1;
					};
					2B77C9E4272170EC00D635C2 = {
						CreatedOnToolsVersion = 13.1;
					};
				};
			};
			buildConfigurationList = 2B56EE132682052400049E66 /* Build configuration list for PBXProject "SwiftClientTester" */;
			compatibilityVersion = "Xcode 13.0";
			developmentRegion = en;
			hasScannedForEncodings = 0;
			knownRegions = (
				en,
				Base,
			);
			mainGroup = 2B56EE0F2682052400049E66;
			packageReferences = (
			);
			productRefGroup = 2B56EE192682052400049E66 /* Products */;
			projectDirPath = "";
			projectRoot = "";
			targets = (
				2B56EE172682052400049E66 /* SwiftClientTester */,
				2B77C9C227216FCD00D635C2 /* iOSSwiftClientTester */,
				2B77C9D6272170EB00D635C2 /* WatchSwiftClientTester */,
				2B77C9D9272170EB00D635C2 /* WatchSwiftClientTester WatchKit App */,
				2B77C9E4272170EC00D635C2 /* WatchSwiftClientTester WatchKit Extension */,
			);
		};
/* End PBXProject section */

/* Begin PBXResourcesBuildPhase section */
		2B56EE162682052400049E66 /* Resources */ = {
			isa = PBXResourcesBuildPhase;
			buildActionMask = 2147483647;
			files = (
				2B56EE232682052500049E66 /* Preview Assets.xcassets in Resources */,
				2B56EE202682052500049E66 /* Assets.xcassets in Resources */,
				2B56EE2E26838F1900049E66 /* Info.plist in Resources */,
			);
			runOnlyForDeploymentPostprocessing = 0;
		};
		2B77C9C127216FCD00D635C2 /* Resources */ = {
			isa = PBXResourcesBuildPhase;
			buildActionMask = 2147483647;
			files = (
				2B77C9CD27216FCE00D635C2 /* Preview Assets.xcassets in Resources */,
				2B77C9CA27216FCE00D635C2 /* Assets.xcassets in Resources */,
			);
			runOnlyForDeploymentPostprocessing = 0;
		};
		2B77C9D5272170EB00D635C2 /* Resources */ = {
			isa = PBXResourcesBuildPhase;
			buildActionMask = 2147483647;
			files = (
			);
			runOnlyForDeploymentPostprocessing = 0;
		};
		2B77C9D8272170EB00D635C2 /* Resources */ = {
			isa = PBXResourcesBuildPhase;
			buildActionMask = 2147483647;
			files = (
				2B77C9E0272170EC00D635C2 /* Assets.xcassets in Resources */,
			);
			runOnlyForDeploymentPostprocessing = 0;
		};
		2B77C9E3272170EC00D635C2 /* Resources */ = {
			isa = PBXResourcesBuildPhase;
			buildActionMask = 2147483647;
			files = (
				2B77C9F8272170ED00D635C2 /* Preview Assets.xcassets in Resources */,
				2B77C9F5272170ED00D635C2 /* Assets.xcassets in Resources */,
			);
			runOnlyForDeploymentPostprocessing = 0;
		};
/* End PBXResourcesBuildPhase section */

/* Begin PBXSourcesBuildPhase section */
		2B56EE142682052400049E66 /* Sources */ = {
			isa = PBXSourcesBuildPhase;
			buildActionMask = 2147483647;
			files = (
				2B56EE1E2682052400049E66 /* ContentView.swift in Sources */,
				2B56EE1C2682052400049E66 /* SwiftClientTesterApp.swift in Sources */,
			);
			runOnlyForDeploymentPostprocessing = 0;
		};
		2B77C9BF27216FCD00D635C2 /* Sources */ = {
			isa = PBXSourcesBuildPhase;
			buildActionMask = 2147483647;
			files = (
				2B77C9D327216FFA00D635C2 /* ContentView.swift in Sources */,
				2B77C9D42721701000D635C2 /* SwiftClientTesterApp.swift in Sources */,
			);
			runOnlyForDeploymentPostprocessing = 0;
		};
		2B77C9E1272170EC00D635C2 /* Sources */ = {
			isa = PBXSourcesBuildPhase;
			buildActionMask = 2147483647;
			files = (
				2B77C9EF272170EC00D635C2 /* NotificationController.swift in Sources */,
				2B77CA062721710800D635C2 /* ContentView.swift in Sources */,
				2B77C9F3272170EC00D635C2 /* ComplicationController.swift in Sources */,
				2B77C9EB272170EC00D635C2 /* SwiftClientTesterApp.swift in Sources */,
				2B77C9F1272170EC00D635C2 /* NotificationView.swift in Sources */,
			);
			runOnlyForDeploymentPostprocessing = 0;
		};
/* End PBXSourcesBuildPhase section */

/* Begin PBXTargetDependency section */
		2B77C9DD272170EB00D635C2 /* PBXTargetDependency */ = {
			isa = PBXTargetDependency;
			target = 2B77C9D9272170EB00D635C2 /* WatchSwiftClientTester WatchKit App */;
			targetProxy = 2B77C9DC272170EB00D635C2 /* PBXContainerItemProxy */;
		};
		2B77C9E8272170EC00D635C2 /* PBXTargetDependency */ = {
			isa = PBXTargetDependency;
			target = 2B77C9E4272170EC00D635C2 /* WatchSwiftClientTester WatchKit Extension */;
			targetProxy = 2B77C9E7272170EC00D635C2 /* PBXContainerItemProxy */;
		};
/* End PBXTargetDependency section */

/* Begin XCBuildConfiguration section */
		2B56EE242682052500049E66 /* Debug */ = {
			isa = XCBuildConfiguration;
			buildSettings = {
				ALWAYS_SEARCH_USER_PATHS = NO;
				CLANG_ANALYZER_NONNULL = YES;
				CLANG_ANALYZER_NUMBER_OBJECT_CONVERSION = YES_AGGRESSIVE;
				CLANG_CXX_LANGUAGE_STANDARD = "gnu++14";
				CLANG_CXX_LIBRARY = "libc++";
				CLANG_ENABLE_MODULES = YES;
				CLANG_ENABLE_OBJC_ARC = YES;
				CLANG_ENABLE_OBJC_WEAK = YES;
				CLANG_WARN_BLOCK_CAPTURE_AUTORELEASING = YES;
				CLANG_WARN_BOOL_CONVERSION = YES;
				CLANG_WARN_COMMA = YES;
				CLANG_WARN_CONSTANT_CONVERSION = YES;
				CLANG_WARN_DEPRECATED_OBJC_IMPLEMENTATIONS = YES;
				CLANG_WARN_DIRECT_OBJC_ISA_USAGE = YES_ERROR;
				CLANG_WARN_DOCUMENTATION_COMMENTS = YES;
				CLANG_WARN_EMPTY_BODY = YES;
				CLANG_WARN_ENUM_CONVERSION = YES;
				CLANG_WARN_INFINITE_RECURSION = YES;
				CLANG_WARN_INT_CONVERSION = YES;
				CLANG_WARN_NON_LITERAL_NULL_CONVERSION = YES;
				CLANG_WARN_OBJC_IMPLICIT_RETAIN_SELF = YES;
				CLANG_WARN_OBJC_LITERAL_CONVERSION = YES;
				CLANG_WARN_OBJC_ROOT_CLASS = YES_ERROR;
				CLANG_WARN_QUOTED_INCLUDE_IN_FRAMEWORK_HEADER = YES;
				CLANG_WARN_RANGE_LOOP_ANALYSIS = YES;
				CLANG_WARN_STRICT_PROTOTYPES = YES;
				CLANG_WARN_SUSPICIOUS_MOVE = YES;
				CLANG_WARN_UNGUARDED_AVAILABILITY = YES_AGGRESSIVE;
				CLANG_WARN_UNREACHABLE_CODE = YES;
				CLANG_WARN__DUPLICATE_METHOD_MATCH = YES;
				COPY_PHASE_STRIP = NO;
				DEBUG_INFORMATION_FORMAT = dwarf;
				ENABLE_STRICT_OBJC_MSGSEND = YES;
				ENABLE_TESTABILITY = YES;
				GCC_C_LANGUAGE_STANDARD = gnu11;
				GCC_DYNAMIC_NO_PIC = NO;
				GCC_NO_COMMON_BLOCKS = YES;
				GCC_OPTIMIZATION_LEVEL = 0;
				GCC_PREPROCESSOR_DEFINITIONS = (
					"DEBUG=1",
					"$(inherited)",
				);
				GCC_WARN_64_TO_32_BIT_CONVERSION = YES;
				GCC_WARN_ABOUT_RETURN_TYPE = YES_ERROR;
				GCC_WARN_UNDECLARED_SELECTOR = YES;
				GCC_WARN_UNINITIALIZED_AUTOS = YES_AGGRESSIVE;
				GCC_WARN_UNUSED_FUNCTION = YES;
				GCC_WARN_UNUSED_VARIABLE = YES;
				MACOSX_DEPLOYMENT_TARGET = 12.0;
				MTL_ENABLE_DEBUG_INFO = INCLUDE_SOURCE;
				MTL_FAST_MATH = YES;
				ONLY_ACTIVE_ARCH = YES;
				SDKROOT = macosx;
				SWIFT_ACTIVE_COMPILATION_CONDITIONS = DEBUG;
				SWIFT_OPTIMIZATION_LEVEL = "-Onone";
			};
			name = Debug;
		};
		2B56EE252682052500049E66 /* Release */ = {
			isa = XCBuildConfiguration;
			buildSettings = {
				ALWAYS_SEARCH_USER_PATHS = NO;
				CLANG_ANALYZER_NONNULL = YES;
				CLANG_ANALYZER_NUMBER_OBJECT_CONVERSION = YES_AGGRESSIVE;
				CLANG_CXX_LANGUAGE_STANDARD = "gnu++14";
				CLANG_CXX_LIBRARY = "libc++";
				CLANG_ENABLE_MODULES = YES;
				CLANG_ENABLE_OBJC_ARC = YES;
				CLANG_ENABLE_OBJC_WEAK = YES;
				CLANG_WARN_BLOCK_CAPTURE_AUTORELEASING = YES;
				CLANG_WARN_BOOL_CONVERSION = YES;
				CLANG_WARN_COMMA = YES;
				CLANG_WARN_CONSTANT_CONVERSION = YES;
				CLANG_WARN_DEPRECATED_OBJC_IMPLEMENTATIONS = YES;
				CLANG_WARN_DIRECT_OBJC_ISA_USAGE = YES_ERROR;
				CLANG_WARN_DOCUMENTATION_COMMENTS = YES;
				CLANG_WARN_EMPTY_BODY = YES;
				CLANG_WARN_ENUM_CONVERSION = YES;
				CLANG_WARN_INFINITE_RECURSION = YES;
				CLANG_WARN_INT_CONVERSION = YES;
				CLANG_WARN_NON_LITERAL_NULL_CONVERSION = YES;
				CLANG_WARN_OBJC_IMPLICIT_RETAIN_SELF = YES;
				CLANG_WARN_OBJC_LITERAL_CONVERSION = YES;
				CLANG_WARN_OBJC_ROOT_CLASS = YES_ERROR;
				CLANG_WARN_QUOTED_INCLUDE_IN_FRAMEWORK_HEADER = YES;
				CLANG_WARN_RANGE_LOOP_ANALYSIS = YES;
				CLANG_WARN_STRICT_PROTOTYPES = YES;
				CLANG_WARN_SUSPICIOUS_MOVE = YES;
				CLANG_WARN_UNGUARDED_AVAILABILITY = YES_AGGRESSIVE;
				CLANG_WARN_UNREACHABLE_CODE = YES;
				CLANG_WARN__DUPLICATE_METHOD_MATCH = YES;
				COPY_PHASE_STRIP = NO;
				DEBUG_INFORMATION_FORMAT = "dwarf-with-dsym";
				ENABLE_NS_ASSERTIONS = NO;
				ENABLE_STRICT_OBJC_MSGSEND = YES;
				GCC_C_LANGUAGE_STANDARD = gnu11;
				GCC_NO_COMMON_BLOCKS = YES;
				GCC_WARN_64_TO_32_BIT_CONVERSION = YES;
				GCC_WARN_ABOUT_RETURN_TYPE = YES_ERROR;
				GCC_WARN_UNDECLARED_SELECTOR = YES;
				GCC_WARN_UNINITIALIZED_AUTOS = YES_AGGRESSIVE;
				GCC_WARN_UNUSED_FUNCTION = YES;
				GCC_WARN_UNUSED_VARIABLE = YES;
				MACOSX_DEPLOYMENT_TARGET = 12.0;
				MTL_ENABLE_DEBUG_INFO = NO;
				MTL_FAST_MATH = YES;
				SDKROOT = macosx;
				SWIFT_COMPILATION_MODE = wholemodule;
				SWIFT_OPTIMIZATION_LEVEL = "-O";
			};
			name = Release;
		};
		2B56EE272682052500049E66 /* Debug */ = {
			isa = XCBuildConfiguration;
			buildSettings = {
				ASSETCATALOG_COMPILER_APPICON_NAME = AppIcon;
				ASSETCATALOG_COMPILER_GLOBAL_ACCENT_COLOR_NAME = AccentColor;
				CODE_SIGN_ENTITLEMENTS = SwiftClientTester/SwiftClientTester.entitlements;
				CODE_SIGN_STYLE = Automatic;
				COMBINE_HIDPI_IMAGES = YES;
				CURRENT_PROJECT_VERSION = 1;
				DEVELOPMENT_ASSET_PATHS = "\"SwiftClientTester/Preview Content\"";
				DEVELOPMENT_TEAM = FL4V655A94;
				ENABLE_APP_SANDBOX = YES;
				ENABLE_HARDENED_RUNTIME = YES;
				ENABLE_PREVIEWS = YES;
				ENABLE_USER_SELECTED_FILES = readonly;
				GENERATE_INFOPLIST_FILE = YES;
				INFOPLIST_FILE = Info.plist;
				INFOPLIST_KEY_NSHumanReadableCopyright = "";
				LD_RUNPATH_SEARCH_PATHS = (
					"$(inherited)",
					"@executable_path/../Frameworks",
				);
				MACOSX_DEPLOYMENT_TARGET = 11.0;
				MARKETING_VERSION = 1.0;
				PRODUCT_BUNDLE_IDENTIFIER = org.breakthesystem.SwiftClientTester;
				PRODUCT_NAME = "$(TARGET_NAME)";
				SWIFT_EMIT_LOC_STRINGS = YES;
				SWIFT_VERSION = 5.0;
			};
			name = Debug;
		};
		2B56EE282682052500049E66 /* Release */ = {
			isa = XCBuildConfiguration;
			buildSettings = {
				ASSETCATALOG_COMPILER_APPICON_NAME = AppIcon;
				ASSETCATALOG_COMPILER_GLOBAL_ACCENT_COLOR_NAME = AccentColor;
				CODE_SIGN_ENTITLEMENTS = SwiftClientTester/SwiftClientTester.entitlements;
				CODE_SIGN_STYLE = Automatic;
				COMBINE_HIDPI_IMAGES = YES;
				CURRENT_PROJECT_VERSION = 1;
				DEVELOPMENT_ASSET_PATHS = "\"SwiftClientTester/Preview Content\"";
				DEVELOPMENT_TEAM = FL4V655A94;
				ENABLE_APP_SANDBOX = YES;
				ENABLE_HARDENED_RUNTIME = YES;
				ENABLE_PREVIEWS = YES;
				ENABLE_USER_SELECTED_FILES = readonly;
				GENERATE_INFOPLIST_FILE = YES;
				INFOPLIST_FILE = Info.plist;
				INFOPLIST_KEY_NSHumanReadableCopyright = "";
				LD_RUNPATH_SEARCH_PATHS = (
					"$(inherited)",
					"@executable_path/../Frameworks",
				);
				MACOSX_DEPLOYMENT_TARGET = 11.0;
				MARKETING_VERSION = 1.0;
				PRODUCT_BUNDLE_IDENTIFIER = org.breakthesystem.SwiftClientTester;
				PRODUCT_NAME = "$(TARGET_NAME)";
				SWIFT_EMIT_LOC_STRINGS = YES;
				SWIFT_VERSION = 5.0;
			};
			name = Release;
		};
		2B77C9CF27216FCE00D635C2 /* Debug */ = {
			isa = XCBuildConfiguration;
			buildSettings = {
				ASSETCATALOG_COMPILER_APPICON_NAME = AppIcon;
				ASSETCATALOG_COMPILER_GLOBAL_ACCENT_COLOR_NAME = AccentColor;
				CLANG_CXX_LANGUAGE_STANDARD = "gnu++17";
				CODE_SIGN_STYLE = Automatic;
				CURRENT_PROJECT_VERSION = 1;
				DEVELOPMENT_ASSET_PATHS = "\"iOSSwiftClientTester/Preview Content\"";
				DEVELOPMENT_TEAM = FL4V655A94;
				ENABLE_PREVIEWS = YES;
				GENERATE_INFOPLIST_FILE = YES;
				INFOPLIST_KEY_UIApplicationSceneManifest_Generation = YES;
				INFOPLIST_KEY_UIApplicationSupportsIndirectInputEvents = YES;
				INFOPLIST_KEY_UILaunchScreen_Generation = YES;
				INFOPLIST_KEY_UISupportedInterfaceOrientations_iPad = "UIInterfaceOrientationPortrait UIInterfaceOrientationPortraitUpsideDown UIInterfaceOrientationLandscapeLeft UIInterfaceOrientationLandscapeRight";
				INFOPLIST_KEY_UISupportedInterfaceOrientations_iPhone = "UIInterfaceOrientationPortrait UIInterfaceOrientationLandscapeLeft UIInterfaceOrientationLandscapeRight";
				IPHONEOS_DEPLOYMENT_TARGET = 15.0;
				LD_RUNPATH_SEARCH_PATHS = (
					"$(inherited)",
					"@executable_path/Frameworks",
				);
				MARKETING_VERSION = 1.0;
				PRODUCT_BUNDLE_IDENTIFIER = org.breakthesystem.iOSSwiftClientTester;
				PRODUCT_NAME = "$(TARGET_NAME)";
				SDKROOT = iphoneos;
				SWIFT_EMIT_LOC_STRINGS = YES;
				SWIFT_VERSION = 5.0;
				TARGETED_DEVICE_FAMILY = "1,2";
			};
			name = Debug;
		};
		2B77C9D027216FCE00D635C2 /* Release */ = {
			isa = XCBuildConfiguration;
			buildSettings = {
				ASSETCATALOG_COMPILER_APPICON_NAME = AppIcon;
				ASSETCATALOG_COMPILER_GLOBAL_ACCENT_COLOR_NAME = AccentColor;
				CLANG_CXX_LANGUAGE_STANDARD = "gnu++17";
				CODE_SIGN_STYLE = Automatic;
				CURRENT_PROJECT_VERSION = 1;
				DEVELOPMENT_ASSET_PATHS = "\"iOSSwiftClientTester/Preview Content\"";
				DEVELOPMENT_TEAM = FL4V655A94;
				ENABLE_PREVIEWS = YES;
				GENERATE_INFOPLIST_FILE = YES;
				INFOPLIST_KEY_UIApplicationSceneManifest_Generation = YES;
				INFOPLIST_KEY_UIApplicationSupportsIndirectInputEvents = YES;
				INFOPLIST_KEY_UILaunchScreen_Generation = YES;
				INFOPLIST_KEY_UISupportedInterfaceOrientations_iPad = "UIInterfaceOrientationPortrait UIInterfaceOrientationPortraitUpsideDown UIInterfaceOrientationLandscapeLeft UIInterfaceOrientationLandscapeRight";
				INFOPLIST_KEY_UISupportedInterfaceOrientations_iPhone = "UIInterfaceOrientationPortrait UIInterfaceOrientationLandscapeLeft UIInterfaceOrientationLandscapeRight";
				IPHONEOS_DEPLOYMENT_TARGET = 15.0;
				LD_RUNPATH_SEARCH_PATHS = (
					"$(inherited)",
					"@executable_path/Frameworks",
				);
				MARKETING_VERSION = 1.0;
				PRODUCT_BUNDLE_IDENTIFIER = org.breakthesystem.iOSSwiftClientTester;
				PRODUCT_NAME = "$(TARGET_NAME)";
				SDKROOT = iphoneos;
				SWIFT_EMIT_LOC_STRINGS = YES;
				SWIFT_VERSION = 5.0;
				TARGETED_DEVICE_FAMILY = "1,2";
				VALIDATE_PRODUCT = YES;
			};
			name = Release;
		};
		2B77C9FC272170ED00D635C2 /* Debug */ = {
			isa = XCBuildConfiguration;
			buildSettings = {
				ASSETCATALOG_COMPILER_COMPLICATION_NAME = Complication;
				CLANG_CXX_LANGUAGE_STANDARD = "gnu++17";
				CODE_SIGN_STYLE = Automatic;
				CURRENT_PROJECT_VERSION = 1;
				DEVELOPMENT_ASSET_PATHS = "\"WatchSwiftClientTester WatchKit Extension/Preview Content\"";
				DEVELOPMENT_TEAM = FL4V655A94;
				ENABLE_PREVIEWS = YES;
				GENERATE_INFOPLIST_FILE = YES;
				INFOPLIST_FILE = "WatchSwiftClientTester WatchKit Extension/Info.plist";
				INFOPLIST_KEY_CFBundleDisplayName = "WatchSwiftClientTester WatchKit Extension";
				INFOPLIST_KEY_CLKComplicationPrincipalClass = "$(PRODUCT_MODULE_NAME).ComplicationController";
				INFOPLIST_KEY_NSHumanReadableCopyright = "";
				INFOPLIST_KEY_WKWatchOnly = YES;
				LD_RUNPATH_SEARCH_PATHS = (
					"$(inherited)",
					"@executable_path/Frameworks",
					"@executable_path/../../Frameworks",
				);
				MARKETING_VERSION = 1.0;
				PRODUCT_BUNDLE_IDENTIFIER = org.breakthesystem.WatchSwiftClientTester.watchkitapp.watchkitextension;
				PRODUCT_NAME = "${TARGET_NAME}";
				SDKROOT = watchos;
				SKIP_INSTALL = YES;
				SWIFT_EMIT_LOC_STRINGS = YES;
				SWIFT_VERSION = 5.0;
				TARGETED_DEVICE_FAMILY = 4;
				WATCHOS_DEPLOYMENT_TARGET = 8.0;
			};
			name = Debug;
		};
		2B77C9FD272170ED00D635C2 /* Release */ = {
			isa = XCBuildConfiguration;
			buildSettings = {
				ASSETCATALOG_COMPILER_COMPLICATION_NAME = Complication;
				CLANG_CXX_LANGUAGE_STANDARD = "gnu++17";
				CODE_SIGN_STYLE = Automatic;
				CURRENT_PROJECT_VERSION = 1;
				DEVELOPMENT_ASSET_PATHS = "\"WatchSwiftClientTester WatchKit Extension/Preview Content\"";
				DEVELOPMENT_TEAM = FL4V655A94;
				ENABLE_PREVIEWS = YES;
				GENERATE_INFOPLIST_FILE = YES;
				INFOPLIST_FILE = "WatchSwiftClientTester WatchKit Extension/Info.plist";
				INFOPLIST_KEY_CFBundleDisplayName = "WatchSwiftClientTester WatchKit Extension";
				INFOPLIST_KEY_CLKComplicationPrincipalClass = "$(PRODUCT_MODULE_NAME).ComplicationController";
				INFOPLIST_KEY_NSHumanReadableCopyright = "";
				INFOPLIST_KEY_WKWatchOnly = YES;
				LD_RUNPATH_SEARCH_PATHS = (
					"$(inherited)",
					"@executable_path/Frameworks",
					"@executable_path/../../Frameworks",
				);
				MARKETING_VERSION = 1.0;
				PRODUCT_BUNDLE_IDENTIFIER = org.breakthesystem.WatchSwiftClientTester.watchkitapp.watchkitextension;
				PRODUCT_NAME = "${TARGET_NAME}";
				SDKROOT = watchos;
				SKIP_INSTALL = YES;
				SWIFT_EMIT_LOC_STRINGS = YES;
				SWIFT_VERSION = 5.0;
				TARGETED_DEVICE_FAMILY = 4;
				VALIDATE_PRODUCT = YES;
				WATCHOS_DEPLOYMENT_TARGET = 8.0;
			};
			name = Release;
		};
		2B77CA00272170ED00D635C2 /* Debug */ = {
			isa = XCBuildConfiguration;
			buildSettings = {
				ALWAYS_EMBED_SWIFT_STANDARD_LIBRARIES = YES;
				ASSETCATALOG_COMPILER_APPICON_NAME = AppIcon;
				ASSETCATALOG_COMPILER_GLOBAL_ACCENT_COLOR_NAME = AccentColor;
				CLANG_CXX_LANGUAGE_STANDARD = "gnu++17";
				CODE_SIGN_STYLE = Automatic;
				CURRENT_PROJECT_VERSION = 1;
				DEVELOPMENT_TEAM = FL4V655A94;
				GENERATE_INFOPLIST_FILE = YES;
				IBSC_MODULE = WatchSwiftClientTester_WatchKit_Extension;
				INFOPLIST_KEY_CFBundleDisplayName = "WatchSwiftClientTester WatchKit App";
				INFOPLIST_KEY_UISupportedInterfaceOrientations = "UIInterfaceOrientationPortrait UIInterfaceOrientationPortraitUpsideDown";
				MARKETING_VERSION = 1.0;
				PRODUCT_BUNDLE_IDENTIFIER = org.breakthesystem.WatchSwiftClientTester.watchkitapp;
				PRODUCT_NAME = "$(TARGET_NAME)";
				SDKROOT = watchos;
				SKIP_INSTALL = YES;
				SWIFT_EMIT_LOC_STRINGS = YES;
				SWIFT_VERSION = 5.0;
				TARGETED_DEVICE_FAMILY = 4;
				WATCHOS_DEPLOYMENT_TARGET = 8.0;
			};
			name = Debug;
		};
		2B77CA01272170ED00D635C2 /* Release */ = {
			isa = XCBuildConfiguration;
			buildSettings = {
				ALWAYS_EMBED_SWIFT_STANDARD_LIBRARIES = YES;
				ASSETCATALOG_COMPILER_APPICON_NAME = AppIcon;
				ASSETCATALOG_COMPILER_GLOBAL_ACCENT_COLOR_NAME = AccentColor;
				CLANG_CXX_LANGUAGE_STANDARD = "gnu++17";
				CODE_SIGN_STYLE = Automatic;
				CURRENT_PROJECT_VERSION = 1;
				DEVELOPMENT_TEAM = FL4V655A94;
				GENERATE_INFOPLIST_FILE = YES;
				IBSC_MODULE = WatchSwiftClientTester_WatchKit_Extension;
				INFOPLIST_KEY_CFBundleDisplayName = "WatchSwiftClientTester WatchKit App";
				INFOPLIST_KEY_UISupportedInterfaceOrientations = "UIInterfaceOrientationPortrait UIInterfaceOrientationPortraitUpsideDown";
				MARKETING_VERSION = 1.0;
				PRODUCT_BUNDLE_IDENTIFIER = org.breakthesystem.WatchSwiftClientTester.watchkitapp;
				PRODUCT_NAME = "$(TARGET_NAME)";
				SDKROOT = watchos;
				SKIP_INSTALL = YES;
				SWIFT_EMIT_LOC_STRINGS = YES;
				SWIFT_VERSION = 5.0;
				TARGETED_DEVICE_FAMILY = 4;
				VALIDATE_PRODUCT = YES;
				WATCHOS_DEPLOYMENT_TARGET = 8.0;
			};
			name = Release;
		};
		2B77CA04272170ED00D635C2 /* Debug */ = {
			isa = XCBuildConfiguration;
			buildSettings = {
				CLANG_CXX_LANGUAGE_STANDARD = "gnu++17";
				CODE_SIGN_STYLE = Automatic;
				CURRENT_PROJECT_VERSION = 1;
				DEVELOPMENT_TEAM = FL4V655A94;
				MARKETING_VERSION = 1.0;
				PRODUCT_BUNDLE_IDENTIFIER = org.breakthesystem.WatchSwiftClientTester;
				PRODUCT_NAME = "$(TARGET_NAME)";
				SDKROOT = iphoneos;
				SWIFT_VERSION = 5.0;
			};
			name = Debug;
		};
		2B77CA05272170ED00D635C2 /* Release */ = {
			isa = XCBuildConfiguration;
			buildSettings = {
				CLANG_CXX_LANGUAGE_STANDARD = "gnu++17";
				CODE_SIGN_STYLE = Automatic;
				CURRENT_PROJECT_VERSION = 1;
				DEVELOPMENT_TEAM = FL4V655A94;
				MARKETING_VERSION = 1.0;
				PRODUCT_BUNDLE_IDENTIFIER = org.breakthesystem.WatchSwiftClientTester;
				PRODUCT_NAME = "$(TARGET_NAME)";
				SDKROOT = iphoneos;
				SWIFT_VERSION = 5.0;
				VALIDATE_PRODUCT = YES;
			};
			name = Release;
		};
/* End XCBuildConfiguration section */

/* Begin XCConfigurationList section */
		2B56EE132682052400049E66 /* Build configuration list for PBXProject "SwiftClientTester" */ = {
			isa = XCConfigurationList;
			buildConfigurations = (
				2B56EE242682052500049E66 /* Debug */,
				2B56EE252682052500049E66 /* Release */,
			);
			defaultConfigurationIsVisible = 0;
			defaultConfigurationName = Release;
		};
		2B56EE262682052500049E66 /* Build configuration list for PBXNativeTarget "SwiftClientTester" */ = {
			isa = XCConfigurationList;
			buildConfigurations = (
				2B56EE272682052500049E66 /* Debug */,
				2B56EE282682052500049E66 /* Release */,
			);
			defaultConfigurationIsVisible = 0;
			defaultConfigurationName = Release;
		};
		2B77C9CE27216FCE00D635C2 /* Build configuration list for PBXNativeTarget "iOSSwiftClientTester" */ = {
			isa = XCConfigurationList;
			buildConfigurations = (
				2B77C9CF27216FCE00D635C2 /* Debug */,
				2B77C9D027216FCE00D635C2 /* Release */,
			);
			defaultConfigurationIsVisible = 0;
			defaultConfigurationName = Release;
		};
		2B77C9FB272170ED00D635C2 /* Build configuration list for PBXNativeTarget "WatchSwiftClientTester WatchKit Extension" */ = {
			isa = XCConfigurationList;
			buildConfigurations = (
				2B77C9FC272170ED00D635C2 /* Debug */,
				2B77C9FD272170ED00D635C2 /* Release */,
			);
			defaultConfigurationIsVisible = 0;
			defaultConfigurationName = Release;
		};
		2B77C9FF272170ED00D635C2 /* Build configuration list for PBXNativeTarget "WatchSwiftClientTester WatchKit App" */ = {
			isa = XCConfigurationList;
			buildConfigurations = (
				2B77CA00272170ED00D635C2 /* Debug */,
				2B77CA01272170ED00D635C2 /* Release */,
			);
			defaultConfigurationIsVisible = 0;
			defaultConfigurationName = Release;
		};
		2B77CA03272170ED00D635C2 /* Build configuration list for PBXNativeTarget "WatchSwiftClientTester" */ = {
			isa = XCConfigurationList;
			buildConfigurations = (
				2B77CA04272170ED00D635C2 /* Debug */,
				2B77CA05272170ED00D635C2 /* Release */,
			);
			defaultConfigurationIsVisible = 0;
			defaultConfigurationName = Release;
		};
/* End XCConfigurationList section */

/* Begin XCSwiftPackageProductDependency section */
		2B77C9BD2721619E00D635C2 /* TelemetryClient */ = {
			isa = XCSwiftPackageProductDependency;
			productName = TelemetryClient;
		};
		2B77C9D127216FE300D635C2 /* TelemetryClient */ = {
			isa = XCSwiftPackageProductDependency;
			productName = TelemetryClient;
		};
		2B77CA072721711600D635C2 /* TelemetryClient */ = {
			isa = XCSwiftPackageProductDependency;
			productName = TelemetryClient;
		};
/* End XCSwiftPackageProductDependency section */
	};
	rootObject = 2B56EE102682052400049E66 /* Project object */;
}
